{
  "name": "app-shell-demo",
  "version": "1.0.0",
  "lockfileVersion": 1,
  "requires": true,
  "dependencies": {
    "now": {
      "version": "11.1.4",
      "resolved": "https://registry.npmjs.org/now/-/now-11.1.4.tgz",
      "integrity": "sha512-xcjQPKPeC4jT9VTAYVyyxquyvPOa8jm4SMqQ8dF+Qekp55zYTsscEN3utToZ58/7cVRkt42hXpIjj/+blT1vmg=="
    }
  }
}
